// !$*UTF8*$!
{
	archiveVersion = 1;
	classes = {
	};
	objectVersion = 50;
	objects = {

/* Begin PBXBuildFile section */
		AB3A54D021692F8000AD1475 /* AppDelegate.swift in Sources */ = {isa = PBXBuildFile; fileRef = AB3A54CF21692F8000AD1475 /* AppDelegate.swift */; };
		AB3A54D221692F8000AD1475 /* ViewController.swift in Sources */ = {isa = PBXBuildFile; fileRef = AB3A54D121692F8000AD1475 /* ViewController.swift */; };
		AB3A54D521692F8000AD1475 /* Main.storyboard in Resources */ = {isa = PBXBuildFile; fileRef = AB3A54D321692F8000AD1475 /* Main.storyboard */; };
		AB3A54D721692F8300AD1475 /* Assets.xcassets in Resources */ = {isa = PBXBuildFile; fileRef = AB3A54D621692F8300AD1475 /* Assets.xcassets */; };
		AB3A54DA21692F8300AD1475 /* LaunchScreen.storyboard in Resources */ = {isa = PBXBuildFile; fileRef = AB3A54D821692F8300AD1475 /* LaunchScreen.storyboard */; };
		AB3A54E521692F8300AD1475 /* YelpTests.swift in Sources */ = {isa = PBXBuildFile; fileRef = AB3A54E421692F8300AD1475 /* YelpTests.swift */; };
		AB3A54F021692F8300AD1475 /* YelpUITests.swift in Sources */ = {isa = PBXBuildFile; fileRef = AB3A54EF21692F8300AD1475 /* YelpUITests.swift */; };
/* End PBXBuildFile section */

/* Begin PBXContainerItemProxy section */
		AB3A54E121692F8300AD1475 /* PBXContainerItemProxy */ = {
			isa = PBXContainerItemProxy;
			containerPortal = AB3A54C421692F8000AD1475 /* Project object */;
			proxyType = 1;
			remoteGlobalIDString = AB3A54CB21692F8000AD1475;
			remoteInfo = Yelp;
		};
		AB3A54EC21692F8300AD1475 /* PBXContainerItemProxy */ = {
			isa = PBXContainerItemProxy;
			containerPortal = AB3A54C421692F8000AD1475 /* Project object */;
			proxyType = 1;
			remoteGlobalIDString = AB3A54CB21692F8000AD1475;
			remoteInfo = Yelp;
		};
/* End PBXContainerItemProxy section */

/* Begin PBXFileReference section */
		AB3A54CC21692F8000AD1475 /* Yelp.app */ = {isa = PBXFileReference; explicitFileType = wrapper.application; includeInIndex = 0; path = Yelp.app; sourceTree = BUILT_PRODUCTS_DIR; };
		AB3A54CF21692F8000AD1475 /* AppDelegate.swift */ = {isa = PBXFileReference; lastKnownFileType = sourcecode.swift; path = AppDelegate.swift; sourceTree = "<group>"; };
		AB3A54D121692F8000AD1475 /* ViewController.swift */ = {isa = PBXFileReference; lastKnownFileType = sourcecode.swift; path = ViewController.swift; sourceTree = "<group>"; };
		AB3A54D421692F8000AD1475 /* Base */ = {isa = PBXFileReference; lastKnownFileType = file.storyboard; name = Base; path = Base.lproj/Main.storyboard; sourceTree = "<group>"; };
		AB3A54D621692F8300AD1475 /* Assets.xcassets */ = {isa = PBXFileReference; lastKnownFileType = folder.assetcatalog; path = Assets.xcassets; sourceTree = "<group>"; };
		AB3A54D921692F8300AD1475 /* Base */ = {isa = PBXFileReference; lastKnownFileType = file.storyboard; name = Base; path = Base.lproj/LaunchScreen.storyboard; sourceTree = "<group>"; };
		AB3A54DB21692F8300AD1475 /* Info.plist */ = {isa = PBXFileReference; lastKnownFileType = text.plist.xml; path = Info.plist; sourceTree = "<group>"; };
		AB3A54E021692F8300AD1475 /* YelpTests.xctest */ = {isa = PBXFileReference; explicitFileType = wrapper.cfbundle; includeInIndex = 0; path = YelpTests.xctest; sourceTree = BUILT_PRODUCTS_DIR; };
		AB3A54E421692F8300AD1475 /* YelpTests.swift */ = {isa = PBXFileReference; lastKnownFileType = sourcecode.swift; path = YelpTests.swift; sourceTree = "<group>"; };
		AB3A54E621692F8300AD1475 /* Info.plist */ = {isa = PBXFileReference; lastKnownFileType = text.plist.xml; path = Info.plist; sourceTree = "<group>"; };
		AB3A54EB21692F8300AD1475 /* YelpUITests.xctest */ = {isa = PBXFileReference; explicitFileType = wrapper.cfbundle; includeInIndex = 0; path = YelpUITests.xctest; sourceTree = BUILT_PRODUCTS_DIR; };
		AB3A54EF21692F8300AD1475 /* YelpUITests.swift */ = {isa = PBXFileReference; lastKnownFileType = sourcecode.swift; path = YelpUITests.swift; sourceTree = "<group>"; };
		AB3A54F121692F8300AD1475 /* Info.plist */ = {isa = PBXFileReference; lastKnownFileType = text.plist.xml; path = Info.plist; sourceTree = "<group>"; };
/* End PBXFileReference section */

/* Begin PBXFrameworksBuildPhase section */
		AB3A54C921692F8000AD1475 /* Frameworks */ = {
			isa = PBXFrameworksBuildPhase;
			buildActionMask = 2147483647;
			files = (
			);
			runOnlyForDeploymentPostprocessing = 0;
		};
		AB3A54DD21692F8300AD1475 /* Frameworks */ = {
			isa = PBXFrameworksBuildPhase;
			buildActionMask = 2147483647;
			files = (
			);
			runOnlyForDeploymentPostprocessing = 0;
		};
		AB3A54E821692F8300AD1475 /* Frameworks */ = {
			isa = PBXFrameworksBuildPhase;
			buildActionMask = 2147483647;
			files = (
			);
			runOnlyForDeploymentPostprocessing = 0;
		};
/* End PBXFrameworksBuildPhase section */

/* Begin PBXGroup section */
		AB3A54C321692F7F00AD1475 = {
			isa = PBXGroup;
			children = (
				AB3A54CE21692F8000AD1475 /* Yelp */,
				AB3A54E321692F8300AD1475 /* YelpTests */,
				AB3A54EE21692F8300AD1475 /* YelpUITests */,
				AB3A54CD21692F8000AD1475 /* Products */,
			);
			sourceTree = "<group>";
		};
		AB3A54CD21692F8000AD1475 /* Products */ = {
			isa = PBXGroup;
			children = (
				AB3A54CC21692F8000AD1475 /* Yelp.app */,
				AB3A54E021692F8300AD1475 /* YelpTests.xctest */,
				AB3A54EB21692F8300AD1475 /* YelpUITests.xctest */,
			);
			name = Products;
			sourceTree = "<group>";
		};
		AB3A54CE21692F8000AD1475 /* Yelp */ = {
			isa = PBXGroup;
			children = (
				AB3A54CF21692F8000AD1475 /* AppDelegate.swift */,
				AB3A54D121692F8000AD1475 /* ViewController.swift */,
				AB3A54D321692F8000AD1475 /* Main.storyboard */,
				AB3A54D621692F8300AD1475 /* Assets.xcassets */,
				AB3A54D821692F8300AD1475 /* LaunchScreen.storyboard */,
				AB3A54DB21692F8300AD1475 /* Info.plist */,
			);
			path = Yelp;
			sourceTree = "<group>";
		};
		AB3A54E321692F8300AD1475 /* YelpTests */ = {
			isa = PBXGroup;
			children = (
				AB3A54E421692F8300AD1475 /* YelpTests.swift */,
				AB3A54E621692F8300AD1475 /* Info.plist */,
			);
			path = YelpTests;
			sourceTree = "<group>";
		};
		AB3A54EE21692F8300AD1475 /* YelpUITests */ = {
			isa = PBXGroup;
			children = (
				AB3A54EF21692F8300AD1475 /* YelpUITests.swift */,
				AB3A54F121692F8300AD1475 /* Info.plist */,
			);
			path = YelpUITests;
			sourceTree = "<group>";
		};
/* End PBXGroup section */

/* Begin PBXNativeTarget section */
		AB3A54CB21692F8000AD1475 /* Yelp */ = {
			isa = PBXNativeTarget;
			buildConfigurationList = AB3A54F421692F8300AD1475 /* Build configuration list for PBXNativeTarget "Yelp" */;
			buildPhases = (
				AB3A54C821692F8000AD1475 /* Sources */,
				AB3A54C921692F8000AD1475 /* Frameworks */,
				AB3A54CA21692F8000AD1475 /* Resources */,
			);
			buildRules = (
			);
			dependencies = (
			);
			name = Yelp;
			productName = Yelp;
			productReference = AB3A54CC21692F8000AD1475 /* Yelp.app */;
			productType = "com.apple.product-type.application";
		};
		AB3A54DF21692F8300AD1475 /* YelpTests */ = {
			isa = PBXNativeTarget;
			buildConfigurationList = AB3A54F721692F8300AD1475 /* Build configuration list for PBXNativeTarget "YelpTests" */;
			buildPhases = (
				AB3A54DC21692F8300AD1475 /* Sources */,
				AB3A54DD21692F8300AD1475 /* Frameworks */,
				AB3A54DE21692F8300AD1475 /* Resources */,
			);
			buildRules = (
			);
			dependencies = (
				AB3A54E221692F8300AD1475 /* PBXTargetDependency */,
			);
			name = YelpTests;
			productName = YelpTests;
			productReference = AB3A54E021692F8300AD1475 /* YelpTests.xctest */;
			productType = "com.apple.product-type.bundle.unit-test";
		};
		AB3A54EA21692F8300AD1475 /* YelpUITests */ = {
			isa = PBXNativeTarget;
			buildConfigurationList = AB3A54FA21692F8300AD1475 /* Build configuration list for PBXNativeTarget "YelpUITests" */;
			buildPhases = (
				AB3A54E721692F8300AD1475 /* Sources */,
				AB3A54E821692F8300AD1475 /* Frameworks */,
				AB3A54E921692F8300AD1475 /* Resources */,
			);
			buildRules = (
			);
			dependencies = (
				AB3A54ED21692F8300AD1475 /* PBXTargetDependency */,
			);
			name = YelpUITests;
			productName = YelpUITests;
			productReference = AB3A54EB21692F8300AD1475 /* YelpUITests.xctest */;
			productType = "com.apple.product-type.bundle.ui-testing";
		};
/* End PBXNativeTarget section */

/* Begin PBXProject section */
		AB3A54C421692F8000AD1475 /* Project object */ = {
			isa = PBXProject;
			attributes = {
				LastSwiftUpdateCheck = 0940;
				LastUpgradeCheck = 0940;
				ORGANIZATIONNAME = "Yijin Wang";
				TargetAttributes = {
					AB3A54CB21692F8000AD1475 = {
						CreatedOnToolsVersion = 9.4.1;
					};
					AB3A54DF21692F8300AD1475 = {
						CreatedOnToolsVersion = 9.4.1;
						TestTargetID = AB3A54CB21692F8000AD1475;
					};
					AB3A54EA21692F8300AD1475 = {
						CreatedOnToolsVersion = 9.4.1;
						TestTargetID = AB3A54CB21692F8000AD1475;
					};
				};
			};
			buildConfigurationList = AB3A54C721692F8000AD1475 /* Build configuration list for PBXProject "Yelp" */;
			compatibilityVersion = "Xcode 9.3";
			developmentRegion = en;
			hasScannedForEncodings = 0;
			knownRegions = (
				en,
				Base,
			);
			mainGroup = AB3A54C321692F7F00AD1475;
			productRefGroup = AB3A54CD21692F8000AD1475 /* Products */;
			projectDirPath = "";
			projectRoot = "";
			targets = (
				AB3A54CB21692F8000AD1475 /* Yelp */,
				AB3A54DF21692F8300AD1475 /* YelpTests */,
				AB3A54EA21692F8300AD1475 /* YelpUITests */,
			);
		};
/* End PBXProject section */

/* Begin PBXResourcesBuildPhase section */
		AB3A54CA21692F8000AD1475 /* Resources */ = {
			isa = PBXResourcesBuildPhase;
			buildActionMask = 2147483647;
			files = (
				AB3A54DA21692F8300AD1475 /* LaunchScreen.storyboard in Resources */,
				AB3A54D721692F8300AD1475 /* Assets.xcassets in Resources */,
				AB3A54D521692F8000AD1475 /* Main.storyboard in Resources */,
			);
			runOnlyForDeploymentPostprocessing = 0;
		};
		AB3A54DE21692F8300AD1475 /* Resources */ = {
			isa = PBXResourcesBuildPhase;
			buildActionMask = 2147483647;
			files = (
			);
			runOnlyForDeploymentPostprocessing = 0;
		};
		AB3A54E921692F8300AD1475 /* Resources */ = {
			isa = PBXResourcesBuildPhase;
			buildActionMask = 2147483647;
			files = (
			);
			runOnlyForDeploymentPostprocessing = 0;
		};
/* End PBXResourcesBuildPhase section */

/* Begin PBXSourcesBuildPhase section */
		AB3A54C821692F8000AD1475 /* Sources */ = {
			isa = PBXSourcesBuildPhase;
			buildActionMask = 2147483647;
			files = (
				AB3A54D221692F8000AD1475 /* ViewController.swift in Sources */,
				AB3A54D021692F8000AD1475 /* AppDelegate.swift in Sources */,
			);
			runOnlyForDeploymentPostprocessing = 0;
		};
		AB3A54DC21692F8300AD1475 /* Sources */ = {
			isa = PBXSourcesBuildPhase;
			buildActionMask = 2147483647;
			files = (
				AB3A54E521692F8300AD1475 /* YelpTests.swift in Sources */,
			);
			runOnlyForDeploymentPostprocessing = 0;
		};
		AB3A54E721692F8300AD1475 /* Sources */ = {
			isa = PBXSourcesBuildPhase;
			buildActionMask = 2147483647;
			files = (
				AB3A54F021692F8300AD1475 /* YelpUITests.swift in Sources */,
			);
			runOnlyForDeploymentPostprocessing = 0;
		};
/* End PBXSourcesBuildPhase section */

/* Begin PBXTargetDependency section */
		AB3A54E221692F8300AD1475 /* PBXTargetDependency */ = {
			isa = PBXTargetDependency;
			target = AB3A54CB21692F8000AD1475 /* Yelp */;
			targetProxy = AB3A54E121692F8300AD1475 /* PBXContainerItemProxy */;
		};
		AB3A54ED21692F8300AD1475 /* PBXTargetDependency */ = {
			isa = PBXTargetDependency;
			target = AB3A54CB21692F8000AD1475 /* Yelp */;
			targetProxy = AB3A54EC21692F8300AD1475 /* PBXContainerItemProxy */;
		};
/* End PBXTargetDependency section */

/* Begin PBXVariantGroup section */
		AB3A54D321692F8000AD1475 /* Main.storyboard */ = {
			isa = PBXVariantGroup;
			children = (
				AB3A54D421692F8000AD1475 /* Base */,
			);
			name = Main.storyboard;
			sourceTree = "<group>";
		};
		AB3A54D821692F8300AD1475 /* LaunchScreen.storyboard */ = {
			isa = PBXVariantGroup;
			children = (
				AB3A54D921692F8300AD1475 /* Base */,
			);
			name = LaunchScreen.storyboard;
			sourceTree = "<group>";
		};
/* End PBXVariantGroup section */

/* Begin XCBuildConfiguration section */
		AB3A54F221692F8300AD1475 /* Debug */ = {
			isa = XCBuildConfiguration;
			buildSettings = {
				ALWAYS_SEARCH_USER_PATHS = NO;
				CLANG_ANALYZER_NONNULL = YES;
				CLANG_ANALYZER_NUMBER_OBJECT_CONVERSION = YES_AGGRESSIVE;
				CLANG_CXX_LANGUAGE_STANDARD = "gnu++14";
				CLANG_CXX_LIBRARY = "libc++";
				CLANG_ENABLE_MODULES = YES;
				CLANG_ENABLE_OBJC_ARC = YES;
				CLANG_ENABLE_OBJC_WEAK = YES;
				CLANG_WARN_BLOCK_CAPTURE_AUTORELEASING = YES;
				CLANG_WARN_BOOL_CONVERSION = YES;
				CLANG_WARN_COMMA = YES;
				CLANG_WARN_CONSTANT_CONVERSION = YES;
				CLANG_WARN_DEPRECATED_OBJC_IMPLEMENTATIONS = YES;
				CLANG_WARN_DIRECT_OBJC_ISA_USAGE = YES_ERROR;
				CLANG_WARN_DOCUMENTATION_COMMENTS = YES;
				CLANG_WARN_EMPTY_BODY = YES;
				CLANG_WARN_ENUM_CONVERSION = YES;
				CLANG_WARN_INFINITE_RECURSION = YES;
				CLANG_WARN_INT_CONVERSION = YES;
				CLANG_WARN_NON_LITERAL_NULL_CONVERSION = YES;
				CLANG_WARN_OBJC_IMPLICIT_RETAIN_SELF = YES;
				CLANG_WARN_OBJC_LITERAL_CONVERSION = YES;
				CLANG_WARN_OBJC_ROOT_CLASS = YES_ERROR;
				CLANG_WARN_RANGE_LOOP_ANALYSIS = YES;
				CLANG_WARN_STRICT_PROTOTYPES = YES;
				CLANG_WARN_SUSPICIOUS_MOVE = YES;
				CLANG_WARN_UNGUARDED_AVAILABILITY = YES_AGGRESSIVE;
				CLANG_WARN_UNREACHABLE_CODE = YES;
				CLANG_WARN__DUPLICATE_METHOD_MATCH = YES;
				CODE_SIGN_IDENTITY = "iPhone Developer";
				COPY_PHASE_STRIP = NO;
				DEBUG_INFORMATION_FORMAT = dwarf;
				ENABLE_STRICT_OBJC_MSGSEND = YES;
				ENABLE_TESTABILITY = YES;
				GCC_C_LANGUAGE_STANDARD = gnu11;
				GCC_DYNAMIC_NO_PIC = NO;
				GCC_NO_COMMON_BLOCKS = YES;
				GCC_OPTIMIZATION_LEVEL = 0;
				GCC_PREPROCESSOR_DEFINITIONS = (
					"DEBUG=1",
					"$(inherited)",
				);
				GCC_WARN_64_TO_32_BIT_CONVERSION = YES;
				GCC_WARN_ABOUT_RETURN_TYPE = YES_ERROR;
				GCC_WARN_UNDECLARED_SELECTOR = YES;
				GCC_WARN_UNINITIALIZED_AUTOS = YES_AGGRESSIVE;
				GCC_WARN_UNUSED_FUNCTION = YES;
				GCC_WARN_UNUSED_VARIABLE = YES;
				IPHONEOS_DEPLOYMENT_TARGET = 11.4;
				MTL_ENABLE_DEBUG_INFO = YES;
				ONLY_ACTIVE_ARCH = YES;
				SDKROOT = iphoneos;
				SWIFT_ACTIVE_COMPILATION_CONDITIONS = DEBUG;
				SWIFT_OPTIMIZATION_LEVEL = "-Onone";
			};
			name = Debug;
		};
		AB3A54F321692F8300AD1475 /* Release */ = {
			isa = XCBuildConfiguration;
			buildSettings = {
				ALWAYS_SEARCH_USER_PATHS = NO;
				CLANG_ANALYZER_NONNULL = YES;
				CLANG_ANALYZER_NUMBER_OBJECT_CONVERSION = YES_AGGRESSIVE;
				CLANG_CXX_LANGUAGE_STANDARD = "gnu++14";
				CLANG_CXX_LIBRARY = "libc++";
				CLANG_ENABLE_MODULES = YES;
				CLANG_ENABLE_OBJC_ARC = YES;
				CLANG_ENABLE_OBJC_WEAK = YES;
				CLANG_WARN_BLOCK_CAPTURE_AUTORELEASING = YES;
				CLANG_WARN_BOOL_CONVERSION = YES;
				CLANG_WARN_COMMA = YES;
				CLANG_WARN_CONSTANT_CONVERSION = YES;
				CLANG_WARN_DEPRECATED_OBJC_IMPLEMENTATIONS = YES;
				CLANG_WARN_DIRECT_OBJC_ISA_USAGE = YES_ERROR;
				CLANG_WARN_DOCUMENTATION_COMMENTS = YES;
				CLANG_WARN_EMPTY_BODY = YES;
				CLANG_WARN_ENUM_CONVERSION = YES;
				CLANG_WARN_INFINITE_RECURSION = YES;
				CLANG_WARN_INT_CONVERSION = YES;
				CLANG_WARN_NON_LITERAL_NULL_CONVERSION = YES;
				CLANG_WARN_OBJC_IMPLICIT_RETAIN_SELF = YES;
				CLANG_WARN_OBJC_LITERAL_CONVERSION = YES;
				CLANG_WARN_OBJC_ROOT_CLASS = YES_ERROR;
				CLANG_WARN_RANGE_LOOP_ANALYSIS = YES;
				CLANG_WARN_STRICT_PROTOTYPES = YES;
				CLANG_WARN_SUSPICIOUS_MOVE = YES;
				CLANG_WARN_UNGUARDED_AVAILABILITY = YES_AGGRESSIVE;
				CLANG_WARN_UNREACHABLE_CODE = YES;
				CLANG_WARN__DUPLICATE_METHOD_MATCH = YES;
				CODE_SIGN_IDENTITY = "iPhone Developer";
				COPY_PHASE_STRIP = NO;
				DEBUG_INFORMATION_FORMAT = "dwarf-with-dsym";
				ENABLE_NS_ASSERTIONS = NO;
				ENABLE_STRICT_OBJC_MSGSEND = YES;
				GCC_C_LANGUAGE_STANDARD = gnu11;
				GCC_NO_COMMON_BLOCKS = YES;
				GCC_WARN_64_TO_32_BIT_CONVERSION = YES;
				GCC_WARN_ABOUT_RETURN_TYPE = YES_ERROR;
				GCC_WARN_UNDECLARED_SELECTOR = YES;
				GCC_WARN_UNINITIALIZED_AUTOS = YES_AGGRESSIVE;
				GCC_WARN_UNUSED_FUNCTION = YES;
				GCC_WARN_UNUSED_VARIABLE = YES;
				IPHONEOS_DEPLOYMENT_TARGET = 11.4;
				MTL_ENABLE_DEBUG_INFO = NO;
				SDKROOT = iphoneos;
				SWIFT_COMPILATION_MODE = wholemodule;
				SWIFT_OPTIMIZATION_LEVEL = "-O";
				VALIDATE_PRODUCT = YES;
			};
			name = Release;
		};
		AB3A54F521692F8300AD1475 /* Debug */ = {
			isa = XCBuildConfiguration;
			buildSettings = {
				ASSETCATALOG_COMPILER_APPICON_NAME = AppIcon;
				CODE_SIGN_STYLE = Automatic;
				DEVELOPMENT_TEAM = ZSBPSF4SP2;
				INFOPLIST_FILE = Yelp/Info.plist;
				LD_RUNPATH_SEARCH_PATHS = (
					"$(inherited)",
					"@executable_path/Frameworks",
				);
				PRODUCT_BUNDLE_IDENTIFIER = com.syjwang.Yelp;
				PRODUCT_NAME = "$(TARGET_NAME)";
				SWIFT_VERSION = 4.0;
				TARGETED_DEVICE_FAMILY = "1,2";
			};
			name = Debug;
		};
		AB3A54F621692F8300AD1475 /* Release */ = {
			isa = XCBuildConfiguration;
			buildSettings = {
				ASSETCATALOG_COMPILER_APPICON_NAME = AppIcon;
				CODE_SIGN_STYLE = Automatic;
				DEVELOPMENT_TEAM = ZSBPSF4SP2;
				INFOPLIST_FILE = Yelp/Info.plist;
				LD_RUNPATH_SEARCH_PATHS = (
					"$(inherited)",
					"@executable_path/Frameworks",
				);
				PRODUCT_BUNDLE_IDENTIFIER = com.syjwang.Yelp;
				PRODUCT_NAME = "$(TARGET_NAME)";
				SWIFT_VERSION = 4.0;
				TARGETED_DEVICE_FAMILY = "1,2";
			};
			name = Release;
		};
		AB3A54F821692F8300AD1475 /* Debug */ = {
			isa = XCBuildConfiguration;
			buildSettings = {
				ALWAYS_EMBED_SWIFT_STANDARD_LIBRARIES = YES;
				BUNDLE_LOADER = "$(TEST_HOST)";
				CODE_SIGN_STYLE = Automatic;
				DEVELOPMENT_TEAM = ZSBPSF4SP2;
				INFOPLIST_FILE = YelpTests/Info.plist;
				LD_RUNPATH_SEARCH_PATHS = (
					"$(inherited)",
					"@executable_path/Frameworks",
					"@loader_path/Frameworks",
				);
				PRODUCT_BUNDLE_IDENTIFIER = com.syjwang.YelpTests;
				PRODUCT_NAME = "$(TARGET_NAME)";
				SWIFT_VERSION = 4.0;
				TARGETED_DEVICE_FAMILY = "1,2";
				TEST_HOST = "$(BUILT_PRODUCTS_DIR)/Yelp.app/Yelp";
			};
			name = Debug;
		};
		AB3A54F921692F8300AD1475 /* Release */ = {
			isa = XCBuildConfiguration;
			buildSettings = {
				ALWAYS_EMBED_SWIFT_STANDARD_LIBRARIES = YES;
				BUNDLE_LOADER = "$(TEST_HOST)";
				CODE_SIGN_STYLE = Automatic;
				DEVELOPMENT_TEAM = ZSBPSF4SP2;
				INFOPLIST_FILE = YelpTests/Info.plist;
				LD_RUNPATH_SEARCH_PATHS = (
					"$(inherited)",
					"@executable_path/Frameworks",
					"@loader_path/Frameworks",
				);
				PRODUCT_BUNDLE_IDENTIFIER = com.syjwang.YelpTests;
				PRODUCT_NAME = "$(TARGET_NAME)";
				SWIFT_VERSION = 4.0;
				TARGETED_DEVICE_FAMILY = "1,2";
				TEST_HOST = "$(BUILT_PRODUCTS_DIR)/Yelp.app/Yelp";
			};
			name = Release;
		};
		AB3A54FB21692F8300AD1475 /* Debug */ = {
			isa = XCBuildConfiguration;
			buildSettings = {
				ALWAYS_EMBED_SWIFT_STANDARD_LIBRARIES = YES;
				CODE_SIGN_STYLE = Automatic;
				DEVELOPMENT_TEAM = ZSBPSF4SP2;
				INFOPLIST_FILE = YelpUITests/Info.plist;
				LD_RUNPATH_SEARCH_PATHS = (
					"$(inherited)",
					"@executable_path/Frameworks",
					"@loader_path/Frameworks",
				);
				PRODUCT_BUNDLE_IDENTIFIER = com.syjwang.YelpUITests;
				PRODUCT_NAME = "$(TARGET_NAME)";
				SWIFT_VERSION = 4.0;
				TARGETED_DEVICE_FAMILY = "1,2";
				TEST_TARGET_NAME = Yelp;
			};
			name = Debug;
		};
		AB3A54FC21692F8300AD1475 /* Release */ = {
			isa = XCBuildConfiguration;
			buildSettings = {
				ALWAYS_EMBED_SWIFT_STANDARD_LIBRARIES = YES;
				CODE_SIGN_STYLE = Automatic;
				DEVELOPMENT_TEAM = ZSBPSF4SP2;
				INFOPLIST_FILE = YelpUITests/Info.plist;
				LD_RUNPATH_SEARCH_PATHS = (
					"$(inherited)",
					"@executable_path/Frameworks",
					"@loader_path/Frameworks",
				);
				PRODUCT_BUNDLE_IDENTIFIER = com.syjwang.YelpUITests;
				PRODUCT_NAME = "$(TARGET_NAME)";
				SWIFT_VERSION = 4.0;
				TARGETED_DEVICE_FAMILY = "1,2";
				TEST_TARGET_NAME = Yelp;
			};
			name = Release;
		};
/* End XCBuildConfiguration section */

/* Begin XCConfigurationList section */
		AB3A54C721692F8000AD1475 /* Build configuration list for PBXProject "Yelp" */ = {
			isa = XCConfigurationList;
			buildConfigurations = (
				AB3A54F221692F8300AD1475 /* Debug */,
				AB3A54F321692F8300AD1475 /* Release */,
			);
			defaultConfigurationIsVisible = 0;
			defaultConfigurationName = Release;
		};
		AB3A54F421692F8300AD1475 /* Build configuration list for PBXNativeTarget "Yelp" */ = {
			isa = XCConfigurationList;
			buildConfigurations = (
				AB3A54F521692F8300AD1475 /* Debug */,
				AB3A54F621692F8300AD1475 /* Release */,
			);
			defaultConfigurationIsVisible = 0;
			defaultConfigurationName = Release;
		};
		AB3A54F721692F8300AD1475 /* Build configuration list for PBXNativeTarget "YelpTests" */ = {
			isa = XCConfigurationList;
			buildConfigurations = (
				AB3A54F821692F8300AD1475 /* Debug */,
				AB3A54F921692F8300AD1475 /* Release */,
			);
			defaultConfigurationIsVisible = 0;
			defaultConfigurationName = Release;
		};
		AB3A54FA21692F8300AD1475 /* Build configuration list for PBXNativeTarget "YelpUITests" */ = {
			isa = XCConfigurationList;
			buildConfigurations = (
				AB3A54FB21692F8300AD1475 /* Debug */,
				AB3A54FC21692F8300AD1475 /* Release */,
			);
			defaultConfigurationIsVisible = 0;
			defaultConfigurationName = Release;
		};
/* End XCConfigurationList section */
	};
	rootObject = AB3A54C421692F8000AD1475 /* Project object */;
}
